
Microsoft Visual Studio Solution File, Format Version 12.00
# Visual Studio Version 17
VisualStudioVersion = 17.0.31903.59
MinimumVisualStudioVersion = 10.0.40219.1
Project("{9A19103F-16F7-4668-BE54-9A1E7A4F7556}") = "JwtStore.Core", "JwtStore.Core\JwtStore.Core.csproj", "{D2E76A4E-5F5E-4A2D-929C-B4F6189BFE1B}"
EndProject
Project("{9A19103F-16F7-4668-BE54-9A1E7A4F7556}") = "JwtStore.Infra", "JwtStore.Infra\JwtStore.Infra.csproj", "{AB3768F1-1AF3-4D5C-AD8B-F9894EED13D5}"
EndProject
Project("{9A19103F-16F7-4668-BE54-9A1E7A4F7556}") = "JwtStore.Api", "JwtStore.Api\JwtStore.Api.csproj", "{DB1B80A7-FC4D-41F8-AB74-F53D6ADD29DA}"
	ProjectSection(ProjectDependencies) = postProject
		{AB3768F1-1AF3-4D5C-AD8B-F9894EED13D5} = {AB3768F1-1AF3-4D5C-AD8B-F9894EED13D5}
	EndProjectSection
EndProject
Global
	GlobalSection(SolutionConfigurationPlatforms) = preSolution
		Debug|Any CPU = Debug|Any CPU
		Release|Any CPU = Release|Any CPU
	EndGlobalSection
	GlobalSection(ProjectConfigurationPlatforms) = postSolution
		{D2E76A4E-5F5E-4A2D-929C-B4F6189BFE1B}.Debug|Any CPU.ActiveCfg = Debug|Any CPU
		{D2E76A4E-5F5E-4A2D-929C-B4F6189BFE1B}.Debug|Any CPU.Build.0 = Debug|Any CPU
		{D2E76A4E-5F5E-4A2D-929C-B4F6189BFE1B}.Release|Any CPU.ActiveCfg = Release|Any CPU
		{D2E76A4E-5F5E-4A2D-929C-B4F6189BFE1B}.Release|Any CPU.Build.0 = Release|Any CPU
		{AB3768F1-1AF3-4D5C-AD8B-F9894EED13D5}.Debug|Any CPU.ActiveCfg = Debug|Any CPU
		{AB3768F1-1AF3-4D5C-AD8B-F9894EED13D5}.Debug|Any CPU.Build.0 = Debug|Any CPU
		{AB3768F1-1AF3-4D5C-AD8B-F9894EED13D5}.Release|Any CPU.ActiveCfg = Release|Any CPU
		{AB3768F1-1AF3-4D5C-AD8B-F9894EED13D5}.Release|Any CPU.Build.0 = Release|Any CPU
		{DB1B80A7-FC4D-41F8-AB74-F53D6ADD29DA}.Debug|Any CPU.ActiveCfg = Debug|Any CPU
		{DB1B80A7-FC4D-41F8-AB74-F53D6ADD29DA}.Debug|Any CPU.Build.0 = Debug|Any CPU
		{DB1B80A7-FC4D-41F8-AB74-F53D6ADD29DA}.Release|Any CPU.ActiveCfg = Release|Any CPU
		{DB1B80A7-FC4D-41F8-AB74-F53D6ADD29DA}.Release|Any CPU.Build.0 = Release|Any CPU
	EndGlobalSection
	GlobalSection(SolutionProperties) = preSolution
		HideSolutionNode = FALSE
	EndGlobalSection
EndGlobal
